
Microsoft Visual Studio Solution File, Format Version 12.00
# Visual Studio Version 16
VisualStudioVersion = 16.0.31205.134
MinimumVisualStudioVersion = 10.0.40219.1
Project("{FAE04EC0-301F-11D3-BF4B-00C04F79EFBC}") = "SearchFight", "SearchFight\SearchFight.csproj", "{C739373A-3804-4AEB-8E8D-8DD4C0BE0A1B}"
EndProject
Project("{FAE04EC0-301F-11D3-BF4B-00C04F79EFBC}") = "SearchFight.Infrastructure", "SearchFight.Infrastructure\SearchFight.Infrastructure.csproj", "{77CF6486-7B1A-4286-B880-DC4A27791701}"
EndProject
Project("{FAE04EC0-301F-11D3-BF4B-00C04F79EFBC}") = "SearchFight.Models", "SearchFight.Models\SearchFight.Models.csproj", "{0417890E-14B2-4781-AEB4-1A3B526B0225}"
EndProject
Global
	GlobalSection(SolutionConfigurationPlatforms) = preSolution
		Debug|Any CPU = Debug|Any CPU
		Release|Any CPU = Release|Any CPU
	EndGlobalSection
	GlobalSection(ProjectConfigurationPlatforms) = postSolution
		{C739373A-3804-4AEB-8E8D-8DD4C0BE0A1B}.Debug|Any CPU.ActiveCfg = Debug|Any CPU
		{C739373A-3804-4AEB-8E8D-8DD4C0BE0A1B}.Debug|Any CPU.Build.0 = Debug|Any CPU
		{C739373A-3804-4AEB-8E8D-8DD4C0BE0A1B}.Release|Any CPU.ActiveCfg = Release|Any CPU
		{C739373A-3804-4AEB-8E8D-8DD4C0BE0A1B}.Release|Any CPU.Build.0 = Release|Any CPU
		{77CF6486-7B1A-4286-B880-DC4A27791701}.Debug|Any CPU.ActiveCfg = Debug|Any CPU
		{77CF6486-7B1A-4286-B880-DC4A27791701}.Debug|Any CPU.Build.0 = Debug|Any CPU
		{77CF6486-7B1A-4286-B880-DC4A27791701}.Release|Any CPU.ActiveCfg = Release|Any CPU
		{77CF6486-7B1A-4286-B880-DC4A27791701}.Release|Any CPU.Build.0 = Release|Any CPU
		{0417890E-14B2-4781-AEB4-1A3B526B0225}.Debug|Any CPU.ActiveCfg = Debug|Any CPU
		{0417890E-14B2-4781-AEB4-1A3B526B0225}.Debug|Any CPU.Build.0 = Debug|Any CPU
		{0417890E-14B2-4781-AEB4-1A3B526B0225}.Release|Any CPU.ActiveCfg = Release|Any CPU
		{0417890E-14B2-4781-AEB4-1A3B526B0225}.Release|Any CPU.Build.0 = Release|Any CPU
	EndGlobalSection
	GlobalSection(SolutionProperties) = preSolution
		HideSolutionNode = FALSE
	EndGlobalSection
	GlobalSection(ExtensibilityGlobals) = postSolution
		SolutionGuid = {64DC6156-10E8-48A9-AF8A-F18E0E8A0B4F}
	EndGlobalSection
EndGlobal
